
Microsoft Visual Studio Solution File, Format Version 12.00
# Visual Studio Version 17
VisualStudioVersion = 17.3.32804.467
MinimumVisualStudioVersion = 10.0.40219.1
Project("{2150E333-8FDC-42A3-9474-1A3956D46DE8}") = "Paralelismo", "Paralelismo", "{BE4AA31F-5B48-444C-B2A7-2B6A8238597F}"
EndProject
Project("{2150E333-8FDC-42A3-9474-1A3956D46DE8}") = "SOLID", "SOLID", "{F74F3E4B-FBB6-4CB1-90F5-3B09B4CDC372}"
EndProject
Project("{2150E333-8FDC-42A3-9474-1A3956D46DE8}") = "SRP", "SRP", "{E27A08D8-C433-40EC-8011-7802851A838D}"
EndProject
Project("{2150E333-8FDC-42A3-9474-1A3956D46DE8}") = "OCP", "OCP", "{A8414065-C875-4022-A54D-3CFE669E2469}"
EndProject
Project("{2150E333-8FDC-42A3-9474-1A3956D46DE8}") = "LSP-ISP", "LSP-ISP", "{9C105C40-010A-4E04-AB0F-9234D90A89D3}"
EndProject
Project("{2150E333-8FDC-42A3-9474-1A3956D46DE8}") = "DIP", "DIP", "{7012C17D-76F6-4C84-9EBA-E9FCC9C4907F}"
EndProject
Project("{9A19103F-16F7-4668-BE54-9A1E7A4F7556}") = "Alura.LeilaoOnline.WebApp", "SOLID\SRP\src\Alura.LeilaoOnline.WebApp\Alura.LeilaoOnline.WebApp.csproj", "{D09A7C27-FD29-4D84-A370-4EF804F548CD}"
EndProject
Project("{9A19103F-16F7-4668-BE54-9A1E7A4F7556}") = "Alura.LeilaoOnline.CLI", "SOLID\SRP\src\Alura.LeilaoOnline.CLI\Alura.LeilaoOnline.CLI.csproj", "{A46E90C1-30BD-4E8D-B376-41FF9ACAD4CF}"
EndProject
Project("{9A19103F-16F7-4668-BE54-9A1E7A4F7556}") = "Alura.LeilaoOnline.WebApp", "SOLID\LSP-ISP\src\Alura.LeilaoOnline.WebApp\Alura.LeilaoOnline.WebApp.csproj", "{37C72E97-6741-4B8A-ADB1-EA79A9144DF5}"
EndProject
Project("{9A19103F-16F7-4668-BE54-9A1E7A4F7556}") = "Alura.LeilaoOnline.CLI", "SOLID\LSP-ISP\src\Alura.LeilaoOnline.CLI\Alura.LeilaoOnline.CLI.csproj", "{AEEC61AE-9162-4253-8D5E-F6E545D0333B}"
EndProject
Project("{9A19103F-16F7-4668-BE54-9A1E7A4F7556}") = "Alura.LeilaoOnline.WebApp", "SOLID\DIP\src\Alura.LeilaoOnline.WebApp\Alura.LeilaoOnline.WebApp.csproj", "{81B462A9-7D9D-42AB-BC40-8C6D21C70AE3}"
EndProject
Project("{9A19103F-16F7-4668-BE54-9A1E7A4F7556}") = "Alura.LeilaoOnline.CLI", "SOLID\DIP\src\Alura.LeilaoOnline.CLI\Alura.LeilaoOnline.CLI.csproj", "{9EA6EE6E-8089-47E7-B028-2F2A019A2607}"
EndProject
Project("{9A19103F-16F7-4668-BE54-9A1E7A4F7556}") = "Alura.LeilaoOnline.WebApp", "SOLID\OCP\src\Alura.LeilaoOnline.WebApp\Alura.LeilaoOnline.WebApp.csproj", "{5A5A5570-F550-48E9-962D-ECAA5EFFECAA}"
EndProject
Project("{9A19103F-16F7-4668-BE54-9A1E7A4F7556}") = "Alura.LeilaoOnline.CLI", "SOLID\OCP\src\Alura.LeilaoOnline.CLI\Alura.LeilaoOnline.CLI.csproj", "{5424824C-BD4D-40AF-BCA0-F4930C950F36}"
EndProject
Project("{2150E333-8FDC-42A3-9474-1A3956D46DE8}") = "EF", "EF", "{250099B2-E0EB-405D-8C95-C16B7A7D9C19}"
EndProject
Project("{2150E333-8FDC-42A3-9474-1A3956D46DE8}") = "Collections", "Collections", "{896F9BB3-54D5-417C-B600-F9603662B5CD}"
EndProject
Project("{2150E333-8FDC-42A3-9474-1A3956D46DE8}") = "OO", "OO", "{39F17950-C334-4700-94A5-C308B012FD58}"
EndProject
Project("{FAE04EC0-301F-11D3-BF4B-00C04F79EFBC}") = "ByteBank.View", "Paralelismo\ByteBank.View\ByteBank.View.csproj", "{3F1CCE92-E216-4D46-AC05-05259EE5E61B}"
EndProject
Project("{FAE04EC0-301F-11D3-BF4B-00C04F79EFBC}") = "ByteBank.Core", "Paralelismo\ByteBank.Core\ByteBank.Core.csproj", "{3B254A19-C3FD-4246-B319-987933185190}"
EndProject
Project("{FAE04EC0-301F-11D3-BF4B-00C04F79EFBC}") = "Alura.Loja.Testes.ConsoleApp", "EF\Alura.Loja\Alura.Loja.Testes.ConsoleApp\Alura.Loja.Testes.ConsoleApp.csproj", "{D59A32D0-B933-45D7-8922-483BF3C08524}"
EndProject
Project("{9A19103F-16F7-4668-BE54-9A1E7A4F7556}") = "ConsoleAppArray", "Collections\ConsoleAppArray\ConsoleAppArray.csproj", "{76CC18B4-AF42-4355-B016-2B50415ECCF3}"
EndProject
Project("{9A19103F-16F7-4668-BE54-9A1E7A4F7556}") = "ConsoleAppArraysColecoes", "Collections\ConsoleAppArraysColecoes\ConsoleAppArraysColecoes.csproj", "{0610F85C-F008-41FD-89C3-0F9B9F05D393}"
EndProject
Project("{9A19103F-16F7-4668-BE54-9A1E7A4F7556}") = "ConsoleAppArraysMultidimensionais", "Collections\ConsoleAppArraysMultidimensionais\ConsoleAppArraysMultidimensionais.csproj", "{1DA6D36A-A3B6-48E8-BDAD-B1DED4B14219}"
EndProject
Project("{9A19103F-16F7-4668-BE54-9A1E7A4F7556}") = "ConsoleAppConjuntos", "Collections\ConsoleAppConjuntos\ConsoleAppConjuntos.csproj", "{9616C2B6-B9B5-407B-A29D-852150AF0684}"
EndProject
Project("{9A19103F-16F7-4668-BE54-9A1E7A4F7556}") = "ConsoleAppConjuntosModelo", "Collections\ConsoleAppConjuntosModelo\ConsoleAppConjuntosModelo.csproj", "{6459F772-A9C6-4EB2-ACFA-6654E2A6287C}"
EndProject
Project("{9A19103F-16F7-4668-BE54-9A1E7A4F7556}") = "ConsoleAppJaggedArrays", "Collections\ConsoleAppJaggedArrays\ConsoleAppJaggedArrays.csproj", "{92F1FAB9-0EF3-4AED-9AB3-3B97E2CF264F}"
EndProject
Project("{9A19103F-16F7-4668-BE54-9A1E7A4F7556}") = "ConsoleAppLinkedList", "Collections\ConsoleAppLinkedList\ConsoleAppLinkedList.csproj", "{AA3AE5BE-109C-4DAC-80C4-A189C8F561F2}"
EndProject
Project("{9A19103F-16F7-4668-BE54-9A1E7A4F7556}") = "ConsoleAppListasDeObjetos", "Collections\ConsoleAppListasDeObjetos\ConsoleAppListasDeObjetos.csproj", "{726EA0D6-C6C6-42CD-9A0C-5442DD6D14A6}"
EndProject
Project("{9A19103F-16F7-4668-BE54-9A1E7A4F7556}") = "ConsoleAppOperadoresConjuntosLinq", "Collections\ConsoleAppOperadoresConjuntos\ConsoleAppOperadoresConjuntosLinq.csproj", "{DDF5EC6D-9554-41CE-BFAA-602826147EA6}"
EndProject
Project("{9A19103F-16F7-4668-BE54-9A1E7A4F7556}") = "ConsoleAppQueue", "Collections\ConsoleAppQueue\ConsoleAppQueue.csproj", "{526DEF07-EA6D-4D73-9E1E-1E4F79C8F7C5}"
EndProject
Project("{9A19103F-16F7-4668-BE54-9A1E7A4F7556}") = "ConsoleAppSortedList", "Collections\ConsoleAppSortedList\ConsoleAppSortedList.csproj", "{27C3EA19-3CFF-4F9D-B0A5-677A3376F92D}"
EndProject
Project("{9A19103F-16F7-4668-BE54-9A1E7A4F7556}") = "ConsoleAppSortedSet", "Collections\ConsoleAppSortedSet\ConsoleAppSortedSet.csproj", "{DB9EE586-D71D-4D6D-96D4-23D485030C55}"
EndProject
Project("{9A19103F-16F7-4668-BE54-9A1E7A4F7556}") = "ConsoleAppStack", "Collections\ConsoleAppStack\ConsoleAppStack.csproj", "{F9DF84A2-5098-4E17-B313-1703FEB51656}"
EndProject
Project("{9A19103F-16F7-4668-BE54-9A1E7A4F7556}") = "ConsoleAppListas", "Collections\ConsoleAppListas\ConsoleAppListas.csproj", "{370B931A-3639-48DC-A628-9685744BE582}"
EndProject
Project("{2150E333-8FDC-42A3-9474-1A3956D46DE8}") = "LINQ", "LINQ", "{AEC843CB-0D18-445B-96E1-69A6828E7F93}"
EndProject
Project("{9A19103F-16F7-4668-BE54-9A1E7A4F7556}") = "ConsoleAppConsultandoCollectionsLinq", "LINQ\ConsoleAppConsultandoCollections\ConsoleAppConsultandoCollectionsLinq.csproj", "{E9F99746-2C53-4E72-A6E6-3F65B0446590}"
EndProject
Project("{9A19103F-16F7-4668-BE54-9A1E7A4F7556}") = "ConsoleAppCovarianciaLinq", "LINQ\ConsoleAppCovarianciaLinq\ConsoleAppCovarianciaLinq.csproj", "{08AD3F4B-E2AC-4669-8B45-F4B2CDBE6E55}"
EndProject
Project("{2150E333-8FDC-42A3-9474-1A3956D46DE8}") = "Delegates", "Delegates", "{FEC5D25E-19ED-4A38-A1AA-120F8F34D7B9}"
EndProject
Project("{9A19103F-16F7-4668-BE54-9A1E7A4F7556}") = "ConsoleAppEventsDelegates", "Delegates\ConsoleAppEventsDelegates\ConsoleAppEventsDelegates.csproj", "{26793968-BD59-4F60-AC6B-B9669F70A620}"
EndProject
Project("{2150E333-8FDC-42A3-9474-1A3956D46DE8}") = "OO-parte1-explorando-a-linguagem", "OO-parte1-explorando-a-linguagem", "{AAA8542E-87A1-4D24-87A8-2C4BA0B890AE}"
EndProject
Project("{2150E333-8FDC-42A3-9474-1A3956D46DE8}") = "OO-parte2-OO", "OO-parte2-OO", "{90B7FF12-6747-4CAB-91AD-FD6B8823732A}"
EndProject
Project("{2150E333-8FDC-42A3-9474-1A3956D46DE8}") = "OO-parte3-usando-heranca-e-implementando-interfaces", "OO-parte3-usando-heranca-e-implementando-interfaces", "{36F58A83-FCD3-429B-BB8E-A5B3A403AD33}"
EndProject
Project("{2150E333-8FDC-42A3-9474-1A3956D46DE8}") = "OO-parte4-entendendo-excecoes", "OO-parte4-entendendo-excecoes", "{061C1250-35BC-40DF-A96E-DBDF2845AF81}"
EndProject
Project("{9A19103F-16F7-4668-BE54-9A1E7A4F7556}") = "2-CriandoVariaveis", "OO\OO-parte1-explorando-a-linguagem\2-CriandoVariaveis\2-CriandoVariaveis.csproj", "{892135EF-F8E3-4D2D-B781-8666C6C1514C}"
EndProject
Project("{9A19103F-16F7-4668-BE54-9A1E7A4F7556}") = "3-CriandoVariaveisPontoFlutuante", "OO\OO-parte1-explorando-a-linguagem\3-CriandoVariaveisPontoFlutuante\3-CriandoVariaveisPontoFlutuante.csproj", "{D995CED4-F82A-493D-89FE-361508D67016}"
EndProject
Project("{9A19103F-16F7-4668-BE54-9A1E7A4F7556}") = "4-ConversoesEOutrosTipos", "OO\OO-parte1-explorando-a-linguagem\4-ConversoesEOutrosTipos\4-ConversoesEOutrosTipos.csproj", "{D1E8F4D2-D325-4202-A6FB-24B8FE4E2C10}"
EndProject
Project("{9A19103F-16F7-4668-BE54-9A1E7A4F7556}") = "5-CaracteresETextos", "OO\OO-parte1-explorando-a-linguagem\5-CaracteresETextos\5-CaracteresETextos.csproj", "{79147AEA-9F16-4190-8644-7AF34D3B97E1}"
EndProject
Project("{9A19103F-16F7-4668-BE54-9A1E7A4F7556}") = "6-AtribuicoesDeVariaveis", "OO\OO-parte1-explorando-a-linguagem\6-AtribuicoesDeVariaveis\6-AtribuicoesDeVariaveis.csproj", "{7676D1C6-BD9A-4489-8F47-7A2A772296FC}"
EndProject
Project("{9A19103F-16F7-4668-BE54-9A1E7A4F7556}") = "7-Condicionais", "OO\OO-parte1-explorando-a-linguagem\7-Condicionais\7-Condicionais.csproj", "{7FE72144-BCFA-4A44-8CD9-AF0C5EE15BFA}"
EndProject
Project("{9A19103F-16F7-4668-BE54-9A1E7A4F7556}") = "8-Condicionais2", "OO\OO-parte1-explorando-a-linguagem\8-Condicionais2\8-Condicionais2.csproj", "{38E77592-3731-437C-8B64-3E345D03E8BD}"
EndProject
Project("{9A19103F-16F7-4668-BE54-9A1E7A4F7556}") = "9-Escopo", "OO\OO-parte1-explorando-a-linguagem\9-Escopo\9-Escopo.csproj", "{526783F2-E8EF-4E54-A89C-29EE33098D9A}"
EndProject
Project("{9A19103F-16F7-4668-BE54-9A1E7A4F7556}") = "1-Aprendendo_CSharp", "OO\OO-parte1-explorando-a-linguagem\1-Aprendendo_CSharp\1-Aprendendo_CSharp.csproj", "{1AA50EC2-351B-4B42-AA50-DD1A107C8643}"
EndProject
Project("{9A19103F-16F7-4668-BE54-9A1E7A4F7556}") = "P10-CalculaPoupanca", "OO\OO-parte1-explorando-a-linguagem\P10-CalculaPoupanca\P10-CalculaPoupanca.csproj", "{B92490D8-96A9-449E-8988-D4760BD1F218}"
EndProject
Project("{9A19103F-16F7-4668-BE54-9A1E7A4F7556}") = "P11-CalculaPoupanca2", "OO\OO-parte1-explorando-a-linguagem\P11-CalculaPoupanca2\P11-CalculaPoupanca2.csproj", "{AD3D20CA-2A36-42C8-8343-BD28F2D90445}"
EndProject
Project("{9A19103F-16F7-4668-BE54-9A1E7A4F7556}") = "P12-InvestimentoALongoPrazo", "OO\OO-parte1-explorando-a-linguagem\P12-InvestimentoALongoPrazo\P12-InvestimentoALongoPrazo.csproj", "{0365AF45-B15D-4FFA-9A8F-45CBC7382F67}"
EndProject
Project("{9A19103F-16F7-4668-BE54-9A1E7A4F7556}") = "P13-EncadeandoFor", "OO\OO-parte1-explorando-a-linguagem\P13-EncadeandoFor\P13-EncadeandoFor.csproj", "{C60609E2-97FC-42F4-89DA-46BFE8A10D39}"
EndProject
Project("{9A19103F-16F7-4668-BE54-9A1E7A4F7556}") = "bytebank", "OO\OO-parte2-OO\bytebank\bytebank.csproj", "{CE91C6D8-DD5C-44F9-9974-5FEE29BE8C0F}"
EndProject
Project("{9A19103F-16F7-4668-BE54-9A1E7A4F7556}") = "bytebank_ADM", "OO\OO-parte3-usando-heranca-e-implementando-interfaces\bytebank_ADM\bytebank_ADM.csproj", "{29B4B7BB-E5BC-43B3-B98D-36BA08E8602D}"
EndProject
Project("{FAE04EC0-301F-11D3-BF4B-00C04F79EFBC}") = "ByteBank", "OO\OO-parte4-entendendo-excecoes\ByteBank\ByteBank.csproj", "{E67EBBD9-038D-4176-B441-CD1E9C96FA7F}"
EndProject
Global
	GlobalSection(SolutionConfigurationPlatforms) = preSolution
		Debug|Any CPU = Debug|Any CPU
		Release|Any CPU = Release|Any CPU
	EndGlobalSection
	GlobalSection(ProjectConfigurationPlatforms) = postSolution
		{D09A7C27-FD29-4D84-A370-4EF804F548CD}.Debug|Any CPU.ActiveCfg = Debug|Any CPU
		{D09A7C27-FD29-4D84-A370-4EF804F548CD}.Debug|Any CPU.Build.0 = Debug|Any CPU
		{D09A7C27-FD29-4D84-A370-4EF804F548CD}.Release|Any CPU.ActiveCfg = Release|Any CPU
		{D09A7C27-FD29-4D84-A370-4EF804F548CD}.Release|Any CPU.Build.0 = Release|Any CPU
		{A46E90C1-30BD-4E8D-B376-41FF9ACAD4CF}.Debug|Any CPU.ActiveCfg = Debug|Any CPU
		{A46E90C1-30BD-4E8D-B376-41FF9ACAD4CF}.Debug|Any CPU.Build.0 = Debug|Any CPU
		{A46E90C1-30BD-4E8D-B376-41FF9ACAD4CF}.Release|Any CPU.ActiveCfg = Release|Any CPU
		{A46E90C1-30BD-4E8D-B376-41FF9ACAD4CF}.Release|Any CPU.Build.0 = Release|Any CPU
		{37C72E97-6741-4B8A-ADB1-EA79A9144DF5}.Debug|Any CPU.ActiveCfg = Debug|Any CPU
		{37C72E97-6741-4B8A-ADB1-EA79A9144DF5}.Debug|Any CPU.Build.0 = Debug|Any CPU
		{37C72E97-6741-4B8A-ADB1-EA79A9144DF5}.Release|Any CPU.ActiveCfg = Release|Any CPU
		{37C72E97-6741-4B8A-ADB1-EA79A9144DF5}.Release|Any CPU.Build.0 = Release|Any CPU
		{AEEC61AE-9162-4253-8D5E-F6E545D0333B}.Debug|Any CPU.ActiveCfg = Debug|Any CPU
		{AEEC61AE-9162-4253-8D5E-F6E545D0333B}.Debug|Any CPU.Build.0 = Debug|Any CPU
		{AEEC61AE-9162-4253-8D5E-F6E545D0333B}.Release|Any CPU.ActiveCfg = Release|Any CPU
		{AEEC61AE-9162-4253-8D5E-F6E545D0333B}.Release|Any CPU.Build.0 = Release|Any CPU
		{81B462A9-7D9D-42AB-BC40-8C6D21C70AE3}.Debug|Any CPU.ActiveCfg = Debug|Any CPU
		{81B462A9-7D9D-42AB-BC40-8C6D21C70AE3}.Debug|Any CPU.Build.0 = Debug|Any CPU
		{81B462A9-7D9D-42AB-BC40-8C6D21C70AE3}.Release|Any CPU.ActiveCfg = Release|Any CPU
		{81B462A9-7D9D-42AB-BC40-8C6D21C70AE3}.Release|Any CPU.Build.0 = Release|Any CPU
		{9EA6EE6E-8089-47E7-B028-2F2A019A2607}.Debug|Any CPU.ActiveCfg = Debug|Any CPU
		{9EA6EE6E-8089-47E7-B028-2F2A019A2607}.Debug|Any CPU.Build.0 = Debug|Any CPU
		{9EA6EE6E-8089-47E7-B028-2F2A019A2607}.Release|Any CPU.ActiveCfg = Release|Any CPU
		{9EA6EE6E-8089-47E7-B028-2F2A019A2607}.Release|Any CPU.Build.0 = Release|Any CPU
		{5A5A5570-F550-48E9-962D-ECAA5EFFECAA}.Debug|Any CPU.ActiveCfg = Debug|Any CPU
		{5A5A5570-F550-48E9-962D-ECAA5EFFECAA}.Debug|Any CPU.Build.0 = Debug|Any CPU
		{5A5A5570-F550-48E9-962D-ECAA5EFFECAA}.Release|Any CPU.ActiveCfg = Release|Any CPU
		{5A5A5570-F550-48E9-962D-ECAA5EFFECAA}.Release|Any CPU.Build.0 = Release|Any CPU
		{5424824C-BD4D-40AF-BCA0-F4930C950F36}.Debug|Any CPU.ActiveCfg = Debug|Any CPU
		{5424824C-BD4D-40AF-BCA0-F4930C950F36}.Debug|Any CPU.Build.0 = Debug|Any CPU
		{5424824C-BD4D-40AF-BCA0-F4930C950F36}.Release|Any CPU.ActiveCfg = Release|Any CPU
		{5424824C-BD4D-40AF-BCA0-F4930C950F36}.Release|Any CPU.Build.0 = Release|Any CPU
		{3F1CCE92-E216-4D46-AC05-05259EE5E61B}.Debug|Any CPU.ActiveCfg = Debug|Any CPU
		{3F1CCE92-E216-4D46-AC05-05259EE5E61B}.Debug|Any CPU.Build.0 = Debug|Any CPU
		{3F1CCE92-E216-4D46-AC05-05259EE5E61B}.Release|Any CPU.ActiveCfg = Release|Any CPU
		{3F1CCE92-E216-4D46-AC05-05259EE5E61B}.Release|Any CPU.Build.0 = Release|Any CPU
		{3B254A19-C3FD-4246-B319-987933185190}.Debug|Any CPU.ActiveCfg = Debug|Any CPU
		{3B254A19-C3FD-4246-B319-987933185190}.Debug|Any CPU.Build.0 = Debug|Any CPU
		{3B254A19-C3FD-4246-B319-987933185190}.Release|Any CPU.ActiveCfg = Release|Any CPU
		{3B254A19-C3FD-4246-B319-987933185190}.Release|Any CPU.Build.0 = Release|Any CPU
		{D59A32D0-B933-45D7-8922-483BF3C08524}.Debug|Any CPU.ActiveCfg = Debug|Any CPU
		{D59A32D0-B933-45D7-8922-483BF3C08524}.Debug|Any CPU.Build.0 = Debug|Any CPU
		{D59A32D0-B933-45D7-8922-483BF3C08524}.Release|Any CPU.ActiveCfg = Release|Any CPU
		{D59A32D0-B933-45D7-8922-483BF3C08524}.Release|Any CPU.Build.0 = Release|Any CPU
		{76CC18B4-AF42-4355-B016-2B50415ECCF3}.Debug|Any CPU.ActiveCfg = Debug|Any CPU
		{76CC18B4-AF42-4355-B016-2B50415ECCF3}.Debug|Any CPU.Build.0 = Debug|Any CPU
		{76CC18B4-AF42-4355-B016-2B50415ECCF3}.Release|Any CPU.ActiveCfg = Release|Any CPU
		{76CC18B4-AF42-4355-B016-2B50415ECCF3}.Release|Any CPU.Build.0 = Release|Any CPU
		{0610F85C-F008-41FD-89C3-0F9B9F05D393}.Debug|Any CPU.ActiveCfg = Debug|Any CPU
		{0610F85C-F008-41FD-89C3-0F9B9F05D393}.Debug|Any CPU.Build.0 = Debug|Any CPU
		{0610F85C-F008-41FD-89C3-0F9B9F05D393}.Release|Any CPU.ActiveCfg = Release|Any CPU
		{0610F85C-F008-41FD-89C3-0F9B9F05D393}.Release|Any CPU.Build.0 = Release|Any CPU
		{1DA6D36A-A3B6-48E8-BDAD-B1DED4B14219}.Debug|Any CPU.ActiveCfg = Debug|Any CPU
		{1DA6D36A-A3B6-48E8-BDAD-B1DED4B14219}.Debug|Any CPU.Build.0 = Debug|Any CPU
		{1DA6D36A-A3B6-48E8-BDAD-B1DED4B14219}.Release|Any CPU.ActiveCfg = Release|Any CPU
		{1DA6D36A-A3B6-48E8-BDAD-B1DED4B14219}.Release|Any CPU.Build.0 = Release|Any CPU
		{9616C2B6-B9B5-407B-A29D-852150AF0684}.Debug|Any CPU.ActiveCfg = Debug|Any CPU
		{9616C2B6-B9B5-407B-A29D-852150AF0684}.Debug|Any CPU.Build.0 = Debug|Any CPU
		{9616C2B6-B9B5-407B-A29D-852150AF0684}.Release|Any CPU.ActiveCfg = Release|Any CPU
		{9616C2B6-B9B5-407B-A29D-852150AF0684}.Release|Any CPU.Build.0 = Release|Any CPU
		{6459F772-A9C6-4EB2-ACFA-6654E2A6287C}.Debug|Any CPU.ActiveCfg = Debug|Any CPU
		{6459F772-A9C6-4EB2-ACFA-6654E2A6287C}.Debug|Any CPU.Build.0 = Debug|Any CPU
		{6459F772-A9C6-4EB2-ACFA-6654E2A6287C}.Release|Any CPU.ActiveCfg = Release|Any CPU
		{6459F772-A9C6-4EB2-ACFA-6654E2A6287C}.Release|Any CPU.Build.0 = Release|Any CPU
		{92F1FAB9-0EF3-4AED-9AB3-3B97E2CF264F}.Debug|Any CPU.ActiveCfg = Debug|Any CPU
		{92F1FAB9-0EF3-4AED-9AB3-3B97E2CF264F}.Debug|Any CPU.Build.0 = Debug|Any CPU
		{92F1FAB9-0EF3-4AED-9AB3-3B97E2CF264F}.Release|Any CPU.ActiveCfg = Release|Any CPU
		{92F1FAB9-0EF3-4AED-9AB3-3B97E2CF264F}.Release|Any CPU.Build.0 = Release|Any CPU
		{AA3AE5BE-109C-4DAC-80C4-A189C8F561F2}.Debug|Any CPU.ActiveCfg = Debug|Any CPU
		{AA3AE5BE-109C-4DAC-80C4-A189C8F561F2}.Debug|Any CPU.Build.0 = Debug|Any CPU
		{AA3AE5BE-109C-4DAC-80C4-A189C8F561F2}.Release|Any CPU.ActiveCfg = Release|Any CPU
		{AA3AE5BE-109C-4DAC-80C4-A189C8F561F2}.Release|Any CPU.Build.0 = Release|Any CPU
		{726EA0D6-C6C6-42CD-9A0C-5442DD6D14A6}.Debug|Any CPU.ActiveCfg = Debug|Any CPU
		{726EA0D6-C6C6-42CD-9A0C-5442DD6D14A6}.Debug|Any CPU.Build.0 = Debug|Any CPU
		{726EA0D6-C6C6-42CD-9A0C-5442DD6D14A6}.Release|Any CPU.ActiveCfg = Release|Any CPU
		{726EA0D6-C6C6-42CD-9A0C-5442DD6D14A6}.Release|Any CPU.Build.0 = Release|Any CPU
		{DDF5EC6D-9554-41CE-BFAA-602826147EA6}.Debug|Any CPU.ActiveCfg = Debug|Any CPU
		{DDF5EC6D-9554-41CE-BFAA-602826147EA6}.Debug|Any CPU.Build.0 = Debug|Any CPU
		{DDF5EC6D-9554-41CE-BFAA-602826147EA6}.Release|Any CPU.ActiveCfg = Release|Any CPU
		{DDF5EC6D-9554-41CE-BFAA-602826147EA6}.Release|Any CPU.Build.0 = Release|Any CPU
		{526DEF07-EA6D-4D73-9E1E-1E4F79C8F7C5}.Debug|Any CPU.ActiveCfg = Debug|Any CPU
		{526DEF07-EA6D-4D73-9E1E-1E4F79C8F7C5}.Debug|Any CPU.Build.0 = Debug|Any CPU
		{526DEF07-EA6D-4D73-9E1E-1E4F79C8F7C5}.Release|Any CPU.ActiveCfg = Release|Any CPU
		{526DEF07-EA6D-4D73-9E1E-1E4F79C8F7C5}.Release|Any CPU.Build.0 = Release|Any CPU
		{27C3EA19-3CFF-4F9D-B0A5-677A3376F92D}.Debug|Any CPU.ActiveCfg = Debug|Any CPU
		{27C3EA19-3CFF-4F9D-B0A5-677A3376F92D}.Debug|Any CPU.Build.0 = Debug|Any CPU
		{27C3EA19-3CFF-4F9D-B0A5-677A3376F92D}.Release|Any CPU.ActiveCfg = Release|Any CPU
		{27C3EA19-3CFF-4F9D-B0A5-677A3376F92D}.Release|Any CPU.Build.0 = Release|Any CPU
		{DB9EE586-D71D-4D6D-96D4-23D485030C55}.Debug|Any CPU.ActiveCfg = Debug|Any CPU
		{DB9EE586-D71D-4D6D-96D4-23D485030C55}.Debug|Any CPU.Build.0 = Debug|Any CPU
		{DB9EE586-D71D-4D6D-96D4-23D485030C55}.Release|Any CPU.ActiveCfg = Release|Any CPU
		{DB9EE586-D71D-4D6D-96D4-23D485030C55}.Release|Any CPU.Build.0 = Release|Any CPU
		{F9DF84A2-5098-4E17-B313-1703FEB51656}.Debug|Any CPU.ActiveCfg = Debug|Any CPU
		{F9DF84A2-5098-4E17-B313-1703FEB51656}.Debug|Any CPU.Build.0 = Debug|Any CPU
		{F9DF84A2-5098-4E17-B313-1703FEB51656}.Release|Any CPU.ActiveCfg = Release|Any CPU
		{F9DF84A2-5098-4E17-B313-1703FEB51656}.Release|Any CPU.Build.0 = Release|Any CPU
		{370B931A-3639-48DC-A628-9685744BE582}.Debug|Any CPU.ActiveCfg = Debug|Any CPU
		{370B931A-3639-48DC-A628-9685744BE582}.Debug|Any CPU.Build.0 = Debug|Any CPU
		{370B931A-3639-48DC-A628-9685744BE582}.Release|Any CPU.ActiveCfg = Release|Any CPU
		{370B931A-3639-48DC-A628-9685744BE582}.Release|Any CPU.Build.0 = Release|Any CPU
		{E9F99746-2C53-4E72-A6E6-3F65B0446590}.Debug|Any CPU.ActiveCfg = Debug|Any CPU
		{E9F99746-2C53-4E72-A6E6-3F65B0446590}.Debug|Any CPU.Build.0 = Debug|Any CPU
		{E9F99746-2C53-4E72-A6E6-3F65B0446590}.Release|Any CPU.ActiveCfg = Release|Any CPU
		{E9F99746-2C53-4E72-A6E6-3F65B0446590}.Release|Any CPU.Build.0 = Release|Any CPU
		{08AD3F4B-E2AC-4669-8B45-F4B2CDBE6E55}.Debug|Any CPU.ActiveCfg = Debug|Any CPU
		{08AD3F4B-E2AC-4669-8B45-F4B2CDBE6E55}.Debug|Any CPU.Build.0 = Debug|Any CPU
		{08AD3F4B-E2AC-4669-8B45-F4B2CDBE6E55}.Release|Any CPU.ActiveCfg = Release|Any CPU
		{08AD3F4B-E2AC-4669-8B45-F4B2CDBE6E55}.Release|Any CPU.Build.0 = Release|Any CPU
		{26793968-BD59-4F60-AC6B-B9669F70A620}.Debug|Any CPU.ActiveCfg = Debug|Any CPU
		{26793968-BD59-4F60-AC6B-B9669F70A620}.Debug|Any CPU.Build.0 = Debug|Any CPU
		{26793968-BD59-4F60-AC6B-B9669F70A620}.Release|Any CPU.ActiveCfg = Release|Any CPU
		{26793968-BD59-4F60-AC6B-B9669F70A620}.Release|Any CPU.Build.0 = Release|Any CPU
		{892135EF-F8E3-4D2D-B781-8666C6C1514C}.Debug|Any CPU.ActiveCfg = Debug|Any CPU
		{892135EF-F8E3-4D2D-B781-8666C6C1514C}.Debug|Any CPU.Build.0 = Debug|Any CPU
		{892135EF-F8E3-4D2D-B781-8666C6C1514C}.Release|Any CPU.ActiveCfg = Release|Any CPU
		{892135EF-F8E3-4D2D-B781-8666C6C1514C}.Release|Any CPU.Build.0 = Release|Any CPU
		{D995CED4-F82A-493D-89FE-361508D67016}.Debug|Any CPU.ActiveCfg = Debug|Any CPU
		{D995CED4-F82A-493D-89FE-361508D67016}.Debug|Any CPU.Build.0 = Debug|Any CPU
		{D995CED4-F82A-493D-89FE-361508D67016}.Release|Any CPU.ActiveCfg = Release|Any CPU
		{D995CED4-F82A-493D-89FE-361508D67016}.Release|Any CPU.Build.0 = Release|Any CPU
		{D1E8F4D2-D325-4202-A6FB-24B8FE4E2C10}.Debug|Any CPU.ActiveCfg = Debug|Any CPU
		{D1E8F4D2-D325-4202-A6FB-24B8FE4E2C10}.Debug|Any CPU.Build.0 = Debug|Any CPU
		{D1E8F4D2-D325-4202-A6FB-24B8FE4E2C10}.Release|Any CPU.ActiveCfg = Release|Any CPU
		{D1E8F4D2-D325-4202-A6FB-24B8FE4E2C10}.Release|Any CPU.Build.0 = Release|Any CPU
		{79147AEA-9F16-4190-8644-7AF34D3B97E1}.Debug|Any CPU.ActiveCfg = Debug|Any CPU
		{79147AEA-9F16-4190-8644-7AF34D3B97E1}.Debug|Any CPU.Build.0 = Debug|Any CPU
		{79147AEA-9F16-4190-8644-7AF34D3B97E1}.Release|Any CPU.ActiveCfg = Release|Any CPU
		{79147AEA-9F16-4190-8644-7AF34D3B97E1}.Release|Any CPU.Build.0 = Release|Any CPU
		{7676D1C6-BD9A-4489-8F47-7A2A772296FC}.Debug|Any CPU.ActiveCfg = Debug|Any CPU
		{7676D1C6-BD9A-4489-8F47-7A2A772296FC}.Debug|Any CPU.Build.0 = Debug|Any CPU
		{7676D1C6-BD9A-4489-8F47-7A2A772296FC}.Release|Any CPU.ActiveCfg = Release|Any CPU
		{7676D1C6-BD9A-4489-8F47-7A2A772296FC}.Release|Any CPU.Build.0 = Release|Any CPU
		{7FE72144-BCFA-4A44-8CD9-AF0C5EE15BFA}.Debug|Any CPU.ActiveCfg = Debug|Any CPU
		{7FE72144-BCFA-4A44-8CD9-AF0C5EE15BFA}.Debug|Any CPU.Build.0 = Debug|Any CPU
		{7FE72144-BCFA-4A44-8CD9-AF0C5EE15BFA}.Release|Any CPU.ActiveCfg = Release|Any CPU
		{7FE72144-BCFA-4A44-8CD9-AF0C5EE15BFA}.Release|Any CPU.Build.0 = Release|Any CPU
		{38E77592-3731-437C-8B64-3E345D03E8BD}.Debug|Any CPU.ActiveCfg = Debug|Any CPU
		{38E77592-3731-437C-8B64-3E345D03E8BD}.Debug|Any CPU.Build.0 = Debug|Any CPU
		{38E77592-3731-437C-8B64-3E345D03E8BD}.Release|Any CPU.ActiveCfg = Release|Any CPU
		{38E77592-3731-437C-8B64-3E345D03E8BD}.Release|Any CPU.Build.0 = Release|Any CPU
		{526783F2-E8EF-4E54-A89C-29EE33098D9A}.Debug|Any CPU.ActiveCfg = Debug|Any CPU
		{526783F2-E8EF-4E54-A89C-29EE33098D9A}.Debug|Any CPU.Build.0 = Debug|Any CPU
		{526783F2-E8EF-4E54-A89C-29EE33098D9A}.Release|Any CPU.ActiveCfg = Release|Any CPU
		{526783F2-E8EF-4E54-A89C-29EE33098D9A}.Release|Any CPU.Build.0 = Release|Any CPU
		{1AA50EC2-351B-4B42-AA50-DD1A107C8643}.Debug|Any CPU.ActiveCfg = Debug|Any CPU
		{1AA50EC2-351B-4B42-AA50-DD1A107C8643}.Debug|Any CPU.Build.0 = Debug|Any CPU
		{1AA50EC2-351B-4B42-AA50-DD1A107C8643}.Release|Any CPU.ActiveCfg = Release|Any CPU
		{1AA50EC2-351B-4B42-AA50-DD1A107C8643}.Release|Any CPU.Build.0 = Release|Any CPU
		{B92490D8-96A9-449E-8988-D4760BD1F218}.Debug|Any CPU.ActiveCfg = Debug|Any CPU
		{B92490D8-96A9-449E-8988-D4760BD1F218}.Debug|Any CPU.Build.0 = Debug|Any CPU
		{B92490D8-96A9-449E-8988-D4760BD1F218}.Release|Any CPU.ActiveCfg = Release|Any CPU
		{B92490D8-96A9-449E-8988-D4760BD1F218}.Release|Any CPU.Build.0 = Release|Any CPU
		{AD3D20CA-2A36-42C8-8343-BD28F2D90445}.Debug|Any CPU.ActiveCfg = Debug|Any CPU
		{AD3D20CA-2A36-42C8-8343-BD28F2D90445}.Debug|Any CPU.Build.0 = Debug|Any CPU
		{AD3D20CA-2A36-42C8-8343-BD28F2D90445}.Release|Any CPU.ActiveCfg = Release|Any CPU
		{AD3D20CA-2A36-42C8-8343-BD28F2D90445}.Release|Any CPU.Build.0 = Release|Any CPU
		{0365AF45-B15D-4FFA-9A8F-45CBC7382F67}.Debug|Any CPU.ActiveCfg = Debug|Any CPU
		{0365AF45-B15D-4FFA-9A8F-45CBC7382F67}.Debug|Any CPU.Build.0 = Debug|Any CPU
		{0365AF45-B15D-4FFA-9A8F-45CBC7382F67}.Release|Any CPU.ActiveCfg = Release|Any CPU
		{0365AF45-B15D-4FFA-9A8F-45CBC7382F67}.Release|Any CPU.Build.0 = Release|Any CPU
		{C60609E2-97FC-42F4-89DA-46BFE8A10D39}.Debug|Any CPU.ActiveCfg = Debug|Any CPU
		{C60609E2-97FC-42F4-89DA-46BFE8A10D39}.Debug|Any CPU.Build.0 = Debug|Any CPU
		{C60609E2-97FC-42F4-89DA-46BFE8A10D39}.Release|Any CPU.ActiveCfg = Release|Any CPU
		{C60609E2-97FC-42F4-89DA-46BFE8A10D39}.Release|Any CPU.Build.0 = Release|Any CPU
		{CE91C6D8-DD5C-44F9-9974-5FEE29BE8C0F}.Debug|Any CPU.ActiveCfg = Debug|Any CPU
		{CE91C6D8-DD5C-44F9-9974-5FEE29BE8C0F}.Debug|Any CPU.Build.0 = Debug|Any CPU
		{CE91C6D8-DD5C-44F9-9974-5FEE29BE8C0F}.Release|Any CPU.ActiveCfg = Release|Any CPU
		{CE91C6D8-DD5C-44F9-9974-5FEE29BE8C0F}.Release|Any CPU.Build.0 = Release|Any CPU
		{29B4B7BB-E5BC-43B3-B98D-36BA08E8602D}.Debug|Any CPU.ActiveCfg = Debug|Any CPU
		{29B4B7BB-E5BC-43B3-B98D-36BA08E8602D}.Debug|Any CPU.Build.0 = Debug|Any CPU
		{29B4B7BB-E5BC-43B3-B98D-36BA08E8602D}.Release|Any CPU.ActiveCfg = Release|Any CPU
		{29B4B7BB-E5BC-43B3-B98D-36BA08E8602D}.Release|Any CPU.Build.0 = Release|Any CPU
		{E67EBBD9-038D-4176-B441-CD1E9C96FA7F}.Debug|Any CPU.ActiveCfg = Debug|Any CPU
		{E67EBBD9-038D-4176-B441-CD1E9C96FA7F}.Debug|Any CPU.Build.0 = Debug|Any CPU
		{E67EBBD9-038D-4176-B441-CD1E9C96FA7F}.Release|Any CPU.ActiveCfg = Release|Any CPU
		{E67EBBD9-038D-4176-B441-CD1E9C96FA7F}.Release|Any CPU.Build.0 = Release|Any CPU
	EndGlobalSection
	GlobalSection(SolutionProperties) = preSolution
		HideSolutionNode = FALSE
	EndGlobalSection
	GlobalSection(NestedProjects) = preSolution
		{E27A08D8-C433-40EC-8011-7802851A838D} = {F74F3E4B-FBB6-4CB1-90F5-3B09B4CDC372}
		{A8414065-C875-4022-A54D-3CFE669E2469} = {F74F3E4B-FBB6-4CB1-90F5-3B09B4CDC372}
		{9C105C40-010A-4E04-AB0F-9234D90A89D3} = {F74F3E4B-FBB6-4CB1-90F5-3B09B4CDC372}
		{7012C17D-76F6-4C84-9EBA-E9FCC9C4907F} = {F74F3E4B-FBB6-4CB1-90F5-3B09B4CDC372}
		{D09A7C27-FD29-4D84-A370-4EF804F548CD} = {E27A08D8-C433-40EC-8011-7802851A838D}
		{A46E90C1-30BD-4E8D-B376-41FF9ACAD4CF} = {E27A08D8-C433-40EC-8011-7802851A838D}
		{37C72E97-6741-4B8A-ADB1-EA79A9144DF5} = {9C105C40-010A-4E04-AB0F-9234D90A89D3}
		{AEEC61AE-9162-4253-8D5E-F6E545D0333B} = {9C105C40-010A-4E04-AB0F-9234D90A89D3}
		{81B462A9-7D9D-42AB-BC40-8C6D21C70AE3} = {7012C17D-76F6-4C84-9EBA-E9FCC9C4907F}
		{9EA6EE6E-8089-47E7-B028-2F2A019A2607} = {7012C17D-76F6-4C84-9EBA-E9FCC9C4907F}
		{5A5A5570-F550-48E9-962D-ECAA5EFFECAA} = {A8414065-C875-4022-A54D-3CFE669E2469}
		{5424824C-BD4D-40AF-BCA0-F4930C950F36} = {A8414065-C875-4022-A54D-3CFE669E2469}
		{3F1CCE92-E216-4D46-AC05-05259EE5E61B} = {BE4AA31F-5B48-444C-B2A7-2B6A8238597F}
		{3B254A19-C3FD-4246-B319-987933185190} = {BE4AA31F-5B48-444C-B2A7-2B6A8238597F}
		{D59A32D0-B933-45D7-8922-483BF3C08524} = {250099B2-E0EB-405D-8C95-C16B7A7D9C19}
		{76CC18B4-AF42-4355-B016-2B50415ECCF3} = {896F9BB3-54D5-417C-B600-F9603662B5CD}
		{0610F85C-F008-41FD-89C3-0F9B9F05D393} = {896F9BB3-54D5-417C-B600-F9603662B5CD}
		{1DA6D36A-A3B6-48E8-BDAD-B1DED4B14219} = {896F9BB3-54D5-417C-B600-F9603662B5CD}
		{9616C2B6-B9B5-407B-A29D-852150AF0684} = {896F9BB3-54D5-417C-B600-F9603662B5CD}
		{6459F772-A9C6-4EB2-ACFA-6654E2A6287C} = {896F9BB3-54D5-417C-B600-F9603662B5CD}
		{92F1FAB9-0EF3-4AED-9AB3-3B97E2CF264F} = {896F9BB3-54D5-417C-B600-F9603662B5CD}
		{AA3AE5BE-109C-4DAC-80C4-A189C8F561F2} = {896F9BB3-54D5-417C-B600-F9603662B5CD}
		{726EA0D6-C6C6-42CD-9A0C-5442DD6D14A6} = {896F9BB3-54D5-417C-B600-F9603662B5CD}
		{DDF5EC6D-9554-41CE-BFAA-602826147EA6} = {896F9BB3-54D5-417C-B600-F9603662B5CD}
		{526DEF07-EA6D-4D73-9E1E-1E4F79C8F7C5} = {896F9BB3-54D5-417C-B600-F9603662B5CD}
		{27C3EA19-3CFF-4F9D-B0A5-677A3376F92D} = {896F9BB3-54D5-417C-B600-F9603662B5CD}
		{DB9EE586-D71D-4D6D-96D4-23D485030C55} = {896F9BB3-54D5-417C-B600-F9603662B5CD}
		{F9DF84A2-5098-4E17-B313-1703FEB51656} = {896F9BB3-54D5-417C-B600-F9603662B5CD}
		{370B931A-3639-48DC-A628-9685744BE582} = {896F9BB3-54D5-417C-B600-F9603662B5CD}
		{E9F99746-2C53-4E72-A6E6-3F65B0446590} = {AEC843CB-0D18-445B-96E1-69A6828E7F93}
		{08AD3F4B-E2AC-4669-8B45-F4B2CDBE6E55} = {AEC843CB-0D18-445B-96E1-69A6828E7F93}
		{26793968-BD59-4F60-AC6B-B9669F70A620} = {FEC5D25E-19ED-4A38-A1AA-120F8F34D7B9}
		{AAA8542E-87A1-4D24-87A8-2C4BA0B890AE} = {39F17950-C334-4700-94A5-C308B012FD58}
		{90B7FF12-6747-4CAB-91AD-FD6B8823732A} = {39F17950-C334-4700-94A5-C308B012FD58}
		{36F58A83-FCD3-429B-BB8E-A5B3A403AD33} = {39F17950-C334-4700-94A5-C308B012FD58}
		{061C1250-35BC-40DF-A96E-DBDF2845AF81} = {39F17950-C334-4700-94A5-C308B012FD58}
		{892135EF-F8E3-4D2D-B781-8666C6C1514C} = {AAA8542E-87A1-4D24-87A8-2C4BA0B890AE}
		{D995CED4-F82A-493D-89FE-361508D67016} = {AAA8542E-87A1-4D24-87A8-2C4BA0B890AE}
		{D1E8F4D2-D325-4202-A6FB-24B8FE4E2C10} = {AAA8542E-87A1-4D24-87A8-2C4BA0B890AE}
		{79147AEA-9F16-4190-8644-7AF34D3B97E1} = {AAA8542E-87A1-4D24-87A8-2C4BA0B890AE}
		{7676D1C6-BD9A-4489-8F47-7A2A772296FC} = {AAA8542E-87A1-4D24-87A8-2C4BA0B890AE}
		{7FE72144-BCFA-4A44-8CD9-AF0C5EE15BFA} = {AAA8542E-87A1-4D24-87A8-2C4BA0B890AE}
		{38E77592-3731-437C-8B64-3E345D03E8BD} = {AAA8542E-87A1-4D24-87A8-2C4BA0B890AE}
		{526783F2-E8EF-4E54-A89C-29EE33098D9A} = {AAA8542E-87A1-4D24-87A8-2C4BA0B890AE}
		{1AA50EC2-351B-4B42-AA50-DD1A107C8643} = {AAA8542E-87A1-4D24-87A8-2C4BA0B890AE}
		{B92490D8-96A9-449E-8988-D4760BD1F218} = {AAA8542E-87A1-4D24-87A8-2C4BA0B890AE}
		{AD3D20CA-2A36-42C8-8343-BD28F2D90445} = {AAA8542E-87A1-4D24-87A8-2C4BA0B890AE}
		{0365AF45-B15D-4FFA-9A8F-45CBC7382F67} = {AAA8542E-87A1-4D24-87A8-2C4BA0B890AE}
		{C60609E2-97FC-42F4-89DA-46BFE8A10D39} = {AAA8542E-87A1-4D24-87A8-2C4BA0B890AE}
		{CE91C6D8-DD5C-44F9-9974-5FEE29BE8C0F} = {90B7FF12-6747-4CAB-91AD-FD6B8823732A}
		{29B4B7BB-E5BC-43B3-B98D-36BA08E8602D} = {36F58A83-FCD3-429B-BB8E-A5B3A403AD33}
		{E67EBBD9-038D-4176-B441-CD1E9C96FA7F} = {061C1250-35BC-40DF-A96E-DBDF2845AF81}
	EndGlobalSection
	GlobalSection(ExtensibilityGlobals) = postSolution
		SolutionGuid = {824A7B85-872F-4DD7-84AB-C31E9F0D14AE}
	EndGlobalSection
EndGlobal
