
Microsoft Visual Studio Solution File, Format Version 12.00
# Visual Studio 15
VisualStudioVersion = 15.0.26730.12
MinimumVisualStudioVersion = 10.0.40219.1
Project("{FAE04EC0-301F-11D3-BF4B-00C04F79EFBC}") = "Identity_AutenticaAutoriza", "Identity_AutenticaAutoriza\Identity_AutenticaAutoriza.csproj", "{CF4C3D6E-4DF9-49BC-BC05-B92CDA46D7EE}"
EndProject
Global
	GlobalSection(SolutionConfigurationPlatforms) = preSolution
		Debug|Any CPU = Debug|Any CPU
		Release|Any CPU = Release|Any CPU
	EndGlobalSection
	GlobalSection(ProjectConfigurationPlatforms) = postSolution
		{CF4C3D6E-4DF9-49BC-BC05-B92CDA46D7EE}.Debug|Any CPU.ActiveCfg = Debug|Any CPU
		{CF4C3D6E-4DF9-49BC-BC05-B92CDA46D7EE}.Debug|Any CPU.Build.0 = Debug|Any CPU
		{CF4C3D6E-4DF9-49BC-BC05-B92CDA46D7EE}.Release|Any CPU.ActiveCfg = Release|Any CPU
		{CF4C3D6E-4DF9-49BC-BC05-B92CDA46D7EE}.Release|Any CPU.Build.0 = Release|Any CPU
	EndGlobalSection
	GlobalSection(SolutionProperties) = preSolution
		HideSolutionNode = FALSE
	EndGlobalSection
	GlobalSection(ExtensibilityGlobals) = postSolution
		SolutionGuid = {476F53EE-B418-4720-8C1A-A57688F72CAC}
	EndGlobalSection
EndGlobal
