
Microsoft Visual Studio Solution File, Format Version 12.00
# Visual Studio 15
VisualStudioVersion = 15.0.27428.2002
MinimumVisualStudioVersion = 10.0.40219.1
Project("{FAE04EC0-301F-11D3-BF4B-00C04F79EFBC}") = "AspCoreMvc_Filtros", "AspCoreMvc_Filtros\AspCoreMvc_Filtros.csproj", "{FCB2824D-7126-4037-A772-37D81258CFC1}"
EndProject
Global
	GlobalSection(SolutionConfigurationPlatforms) = preSolution
		Debug|Any CPU = Debug|Any CPU
		Release|Any CPU = Release|Any CPU
	EndGlobalSection
	GlobalSection(ProjectConfigurationPlatforms) = postSolution
		{FCB2824D-7126-4037-A772-37D81258CFC1}.Debug|Any CPU.ActiveCfg = Debug|Any CPU
		{FCB2824D-7126-4037-A772-37D81258CFC1}.Debug|Any CPU.Build.0 = Debug|Any CPU
		{FCB2824D-7126-4037-A772-37D81258CFC1}.Release|Any CPU.ActiveCfg = Release|Any CPU
		{FCB2824D-7126-4037-A772-37D81258CFC1}.Release|Any CPU.Build.0 = Release|Any CPU
	EndGlobalSection
	GlobalSection(SolutionProperties) = preSolution
		HideSolutionNode = FALSE
	EndGlobalSection
	GlobalSection(ExtensibilityGlobals) = postSolution
		SolutionGuid = {F25DA289-0B02-4DB6-892C-3177572F4629}
	EndGlobalSection
EndGlobal
